
Microsoft Visual Studio Solution File, Format Version 12.00
# Visual Studio 15
VisualStudioVersion = 15.0.27130.2026
MinimumVisualStudioVersion = 10.0.40219.1
Project("{FAE04EC0-301F-11D3-BF4B-00C04F79EFBC}") = "API", "API\API.csproj", "{22B82591-2D3D-4D4D-BD6D-D6E3AD9C688E}"
EndProject
Global
	GlobalSection(SolutionConfigurationPlatforms) = preSolution
		Debug|Any CPU = Debug|Any CPU
		Release|Any CPU = Release|Any CPU
	EndGlobalSection
	GlobalSection(ProjectConfigurationPlatforms) = postSolution
		{22B82591-2D3D-4D4D-BD6D-D6E3AD9C688E}.Debug|Any CPU.ActiveCfg = Debug|Any CPU
		{22B82591-2D3D-4D4D-BD6D-D6E3AD9C688E}.Debug|Any CPU.Build.0 = Debug|Any CPU
		{22B82591-2D3D-4D4D-BD6D-D6E3AD9C688E}.Release|Any CPU.ActiveCfg = Release|Any CPU
		{22B82591-2D3D-4D4D-BD6D-D6E3AD9C688E}.Release|Any CPU.Build.0 = Release|Any CPU
	EndGlobalSection
	GlobalSection(SolutionProperties) = preSolution
		HideSolutionNode = FALSE
	EndGlobalSection
	GlobalSection(ExtensibilityGlobals) = postSolution
		SolutionGuid = {DEDAFA32-F153-4021-A317-CAF4CAB09237}
	EndGlobalSection
EndGlobal
